version = 1
revision = 3
requires-python = ">=3.12"

[[package]]
name = "colorama"
version = "0.4.6"
source = { registry = "https://pypi.tuna.tsinghua.edu.cn/simple" }
sdist = { url = "https://pypi.tuna.tsinghua.edu.cn/packages/d8/53/6f443c9a4a8358a93a6792e2acffb9d9d5cb0a5cfd8802644b7b1c9a02e4/colorama-0.4.6.tar.gz", hash = "sha256:08695f5cb7ed6e0531a20572697297273c47b8cae5a63ffc6d6ed5c201be6e44", size = 27697, upload-time = "2022-10-25T02:36:22.414Z" }
wheels = [
    { url = "https://pypi.tuna.tsinghua.edu.cn/packages/d1/d6/3965ed04c63042e047cb6a3e6ed1a63a35087b6a609aa3a15ed8ac56c221/colorama-0.4.6-py2.py3-none-any.whl", hash = "sha256:4f1d9991f5acc0ca119f9d443620b77f9d6b33703e51011c16baf57afb285fc6", size = 25335, upload-time = "2022-10-25T02:36:20.889Z" },
]

[[package]]
name = "iniconfig"
version = "2.3.0"
source = { registry = "https://pypi.tuna.tsinghua.edu.cn/simple" }
sdist = { url = "https://pypi.tuna.tsinghua.edu.cn/packages/72/34/14ca021ce8e5dfedc35312d08ba8bf51fdd999c576889fc2c24cb97f4f10/iniconfig-2.3.0.tar.gz", hash = "sha256:c76315c77db068650d49c5b56314774a7804df16fee4402c1f19d6d15d8c4730", size = 20503, upload-time = "2025-10-18T21:55:43.219Z" }
wheels = [
    { url = "https://pypi.tuna.tsinghua.edu.cn/packages/cb/b1/3846dd7f199d53cb17f49cba7e651e9ce294d8497c8c150530ed11865bb8/iniconfig-2.3.0-py3-none-any.whl", hash = "sha256:f631c04d2c48c52b84d0d0549c99ff3859c98df65b3101406327ecc7d53fbf12", size = 7484, upload-time = "2025-10-18T21:55:41.639Z" },
]

[[package]]
name = "packaging"
version = "26.2"
source = { registry = "https://pypi.tuna.tsinghua.edu.cn/simple" }
sdist = { url = "https://pypi.tuna.tsinghua.edu.cn/packages/d7/f1/e7a6dd94a8d4a5626c03e4e99c87f241ba9e350cd9e6d75123f992427270/packaging-26.2.tar.gz", hash = "sha256:ff452ff5a3e828ce110190feff1178bb1f2ea2281fa2075aadb987c2fb221661", size = 228134, upload-time = "2026-04-24T20:15:23.917Z" }
wheels = [
    { url = "https://pypi.tuna.tsinghua.edu.cn/packages/df/b2/87e62e8c3e2f4b32e5fe99e0b86d576da1312593b39f47d8ceef365e95ed/packaging-26.2-py3-none-any.whl", hash = "sha256:5fc45236b9446107ff2415ce77c807cee2862cb6fac22b8a73826d0693b0980e", size = 100195, upload-time = "2026-04-24T20:15:22.081Z" },
]

[[package]]
name = "pluggy"
version = "1.6.0"
source = { registry = "https://pypi.tuna.tsinghua.edu.cn/simple" }
sdist = { url = "https://pypi.tuna.tsinghua.edu.cn/packages/f9/e2/3e91f31a7d2b083fe6ef3fa267035b518369d9511ffab804f839851d2779/pluggy-1.6.0.tar.gz", hash = "sha256:7dcc130b76258d33b90f61b658791dede3486c3e6bfb003ee5c9bfb396dd22f3", size = 69412, upload-time = "2025-05-15T12:30:07.975Z" }
wheels = [
    { url = "https://pypi.tuna.tsinghua.edu.cn/packages/54/20/4d324d65cc6d9205fabedc306948156824eb9f0ee1633355a8f7ec5c66bf/pluggy-1.6.0-py3-none-any.whl", hash = "sha256:e920276dd6813095e9377c0bc5566d94c932c33b27a3e3945d8389c374dd4746", size = 20538, upload-time = "2025-05-15T12:30:06.134Z" },
]

[[package]]
name = "pygments"
version = "2.20.0"
source = { registry = "https://pypi.tuna.tsinghua.edu.cn/simple" }
sdist = { url = "https://pypi.tuna.tsinghua.edu.cn/packages/c3/b2/bc9c9196916376152d655522fdcebac55e66de6603a76a02bca1b6414f6c/pygments-2.20.0.tar.gz", hash = "sha256:6757cd03768053ff99f3039c1a36d6c0aa0b263438fcab17520b30a303a82b5f", size = 4955991, upload-time = "2026-03-29T13:29:33.898Z" }
wheels = [
    { url = "https://pypi.tuna.tsinghua.edu.cn/packages/f4/7e/a72dd26f3b0f4f2bf1dd8923c85f7ceb43172af56d63c7383eb62b332364/pygments-2.20.0-py3-none-any.whl", hash = "sha256:81a9e26dd42fd28a23a2d169d86d7ac03b46e2f8b59ed4698fb4785f946d0176", size = 1231151, upload-time = "2026-03-29T13:29:30.038Z" },
]

[[package]]
name = "pytest"
version = "9.0.3"
source = { registry = "https://pypi.tuna.tsinghua.edu.cn/simple" }
dependencies = [
    { name = "colorama", marker = "sys_platform == 'win32'" },
    { name = "iniconfig" },
    { name = "packaging" },
    { name = "pluggy" },
    { name = "pygments" },
]
sdist = { url = "https://pypi.tuna.tsinghua.edu.cn/packages/7d/0d/549bd94f1a0a402dc8cf64563a117c0f3765662e2e668477624baeec44d5/pytest-9.0.3.tar.gz", hash = "sha256:b86ada508af81d19edeb213c681b1d48246c1a91d304c6c81a427674c17eb91c", size = 1572165, upload-time = "2026-04-07T17:16:18.027Z" }
wheels = [
    { url = "https://pypi.tuna.tsinghua.edu.cn/packages/d4/24/a372aaf5c9b7208e7112038812994107bc65a84cd00e0354a88c2c77a617/pytest-9.0.3-py3-none-any.whl", hash = "sha256:2c5efc453d45394fdd706ade797c0a81091eccd1d6e4bccfcd476e2b8e0ab5d9", size = 375249, upload-time = "2026-04-07T17:16:16.13Z" },
]

[[package]]
name = "rhino-automodeling"
version = "0.1.0"
source = { virtual = "." }
dependencies = [
    { name = "rhino3dm" },
]

[package.optional-dependencies]
dev = [
    { name = "pytest" },
]

[package.metadata]
requires-dist = [
    { name = "pytest", marker = "extra == 'dev'", specifier = ">=9.0" },
    { name = "rhino3dm", specifier = ">=8.17.0" },
]
provides-extras = ["dev"]

[[package]]
name = "rhino3dm"
version = "8.17.0"
source = { registry = "https://pypi.tuna.tsinghua.edu.cn/simple" }
sdist = { url = "https://pypi.tuna.tsinghua.edu.cn/packages/5f/c9/7390e9e6c4a494bbe3c2394e36149b5b7af53011ec6ceda60a4e8f37084f/rhino3dm-8.17.0.tar.gz", hash = "sha256:86d9d3c3b47bd70286df9daf40785821914d1e0c93387be34bcbd81d9f3ec9bf", size = 75965396, upload-time = "2025-03-12T22:55:57.252Z" }
wheels = [
    { url = "https://pypi.tuna.tsinghua.edu.cn/packages/cc/fa/5a134317af3f4377064292bbd5f5b1d82932446e49c20ccd907adb02baf2/rhino3dm-8.17.0-cp312-cp312-macosx_13_0_universal2.whl", hash = "sha256:6e6372d3b4b5661bf694e49099aae12dec946e4b558e9d42ab9ab7ebda0ff5db", size = 8463324, upload-time = "2025-03-12T22:54:23.627Z" },
    { url = "https://pypi.tuna.tsinghua.edu.cn/packages/15/e4/377dcb111f08db40c1301ff9b337e414bbdc651407966ead6ff8784f3f16/rhino3dm-8.17.0-cp312-cp312-macosx_14_0_universal2.whl", hash = "sha256:2f21e64fb69d9ccb3c419e43292de2c2868650d740bdc13c2f91ced48ff9303a", size = 8450695, upload-time = "2025-03-12T22:54:26.014Z" },
    { url = "https://pypi.tuna.tsinghua.edu.cn/packages/40/a9/5bbf67901d6f5b0554a8a3c95cd2f74deba4fcd300175a154ff669e7b9e8/rhino3dm-8.17.0-cp312-cp312-macosx_15_0_universal2.whl", hash = "sha256:84cde05f6bd028e8e49806b7b541b30198982c9857e9af7515f4538dc456ed79", size = 8392441, upload-time = "2025-03-12T22:54:29.446Z" },
    { url = "https://pypi.tuna.tsinghua.edu.cn/packages/6e/72/d5e19cfbaf733c59761921a59fd23b015ee5b9d6739096ca36eae1713a12/rhino3dm-8.17.0-cp312-cp312-manylinux_2_27_aarch64.manylinux_2_28_aarch64.whl", hash = "sha256:060371194daf99009fb5f4987c5a3a107a9643a0e6d6d811c36d00c91e741a61", size = 5146401, upload-time = "2025-03-12T22:54:31.541Z" },
    { url = "https://pypi.tuna.tsinghua.edu.cn/packages/a7/c6/886b34d08d6e10eda94644c4ae522a56c8639e8aa45b78d6a508903262a9/rhino3dm-8.17.0-cp312-cp312-manylinux_2_27_x86_64.manylinux_2_28_x86_64.whl", hash = "sha256:5e8219af0d008645d16a67649cfa5e810fbfa8726ff17f0cda347e7967e1620c", size = 5425393, upload-time = "2025-03-12T22:54:33.854Z" },
    { url = "https://pypi.tuna.tsinghua.edu.cn/packages/7e/25/656b1db956ec11257d25fc45070a6ee8fbaa05c5447bce68bc17ca233caa/rhino3dm-8.17.0-cp312-cp312-win_amd64.whl", hash = "sha256:aafd0a37cc08a0618e81cb9f8da52d503dfcc19f774f0ed1f0da7f749746f6df", size = 2378249, upload-time = "2025-03-12T22:54:35.811Z" },
    { url = "https://pypi.tuna.tsinghua.edu.cn/packages/47/c2/8978334412691b70a595c9b1a17f1ff51895b3d590bbaa508804db572734/rhino3dm-8.17.0-cp313-cp313-macosx_13_0_universal2.whl", hash = "sha256:6fda8a119e7889590ab39f8a6e542450a9370d6c910d80611d827e2295b2d103", size = 8463354, upload-time = "2025-03-12T22:54:38.358Z" },
    { url = "https://pypi.tuna.tsinghua.edu.cn/packages/2f/a0/5018dbeea51a654332b9201ca7d61850d7c3cf153a1e40b997f50d6dff52/rhino3dm-8.17.0-cp313-cp313-macosx_14_0_universal2.whl", hash = "sha256:5311f99128abd8a0d8b83f5293ca78d6dba022563375584d61824d4d53dd89e8", size = 8450488, upload-time = "2025-03-12T22:54:44.383Z" },
    { url = "https://pypi.tuna.tsinghua.edu.cn/packages/00/a0/684309e8ef65bf354b3ed26e8ed5e22c6c22173ec0713b6b12613a34e21a/rhino3dm-8.17.0-cp313-cp313-macosx_15_0_universal2.whl", hash = "sha256:c5be116af4a128a995f29263115d9e049264680f9b58459e7b5b6cdd30686068", size = 8392458, upload-time = "2025-03-12T22:54:51.946Z" },
    { url = "https://pypi.tuna.tsinghua.edu.cn/packages/5c/3e/7a174155d4da96f2298d3805849ca77e39ddc29abfb3f39cb76c9ddde5a2/rhino3dm-8.17.0-cp313-cp313-manylinux_2_27_aarch64.manylinux_2_28_aarch64.whl", hash = "sha256:056a9da37da061e2a92274876de375d55365ad64528c9cc48f8b018fc60ca27f", size = 5149591, upload-time = "2025-03-12T22:54:56.562Z" },
    { url = "https://pypi.tuna.tsinghua.edu.cn/packages/75/4c/760626ee1d98e668045f6b4f044ad370a45aea395383a46fb38485ccf8a2/rhino3dm-8.17.0-cp313-cp313-manylinux_2_27_x86_64.manylinux_2_28_x86_64.whl", hash = "sha256:b5dc1d6e0e8e0ee4f3bf6463eb3536b0154f74e7284ea590b8f328bee757a786", size = 5429896, upload-time = "2025-03-12T22:55:01.075Z" },
    { url = "https://pypi.tuna.tsinghua.edu.cn/packages/cb/01/19dde08558483c772981c6fd331a3cd501e547c58bf0d9959b9eeb19d3db/rhino3dm-8.17.0-cp313-cp313-win_amd64.whl", hash = "sha256:fade438d3acb71053ba709d92f77bdd742ab7f713a7d2f1bdd85023491072c78", size = 2378286, upload-time = "2025-03-12T22:55:03.237Z" },
]
